{
  "version": "5",
  "redirects": {
    "https://esm.sh/@supabase/supabase-js@2": "https://esm.sh/@supabase/supabase-js@2.84.0"
  },
  "remote": {
    "https://deno.land/std@0.168.0/fmt/colors.ts": "03ad95e543d2808bc43c17a3dd29d25b43d0f16287fe562a0be89bf632454a12",
    "https://deno.land/std@0.168.0/testing/_diff.ts": "a23e7fc2b4d8daa3e158fa06856bedf5334ce2a2831e8bf9e509717f455adb2c",
    "https://deno.land/std@0.168.0/testing/_format.ts": "cd11136e1797791045e639e9f0f4640d5b4166148796cad37e6ef75f7d7f3832",
    "https://deno.land/std@0.168.0/testing/asserts.ts": "51353e79437361d4b02d8e32f3fc83b22231bc8f8d4c841d86fd32b0b0afe940",
    "https://esm.sh/@supabase/auth-js@2.84.0/denonext/auth-js.mjs": "61e3b0ad4ad68e2aa3ce0bb83c1084caecc6899cdc9b9e4b230212f8e0c44615",
    "https://esm.sh/@supabase/functions-js@2.84.0/denonext/functions-js.mjs": "016355f24757e593e29ae3347332b30049a8f2f6b55bd7e7a2caf7a577696f85",
    "https://esm.sh/@supabase/postgrest-js@2.84.0/denonext/postgrest-js.mjs": "78de00f3fca3c53f81c5765d0b960e01718a0e1164728e60b835299542fbb0d2",
    "https://esm.sh/@supabase/realtime-js@2.84.0/denonext/realtime-js.mjs": "dccd1e457b9151c162ad84985eaa76075a59250cdd36c244872d14b80a55ed25",
    "https://esm.sh/@supabase/storage-js@2.84.0/denonext/storage-js.mjs": "ef21eb110d5b1c9586f6acaa2070706bd7b9f3799a8f14f262a36f85ee7bb13e",
    "https://esm.sh/@supabase/supabase-js@2.84.0": "4a536f134c4bae61c5ec9d2f849c0bafc40c7ee7e85ca61f075c016fab17a693",
    "https://esm.sh/@supabase/supabase-js@2.84.0/denonext/supabase-js.mjs": "78718e70577f3505e37b515ca7983ac61689864180b9e2cfb130486252919876",
    "https://esm.sh/tslib@2.8.1/denonext/tslib.mjs": "ebce3cd5facb654623020337f867b426ba95f71596ba87acc9e6c6f4e55905ca"
  },
  "workspace": {
    "packageJson": {
      "dependencies": [
        "npm:@playwright/test@^1.48.0",
        "npm:@radix-ui/react-accordion@^1.2.3",
        "npm:@radix-ui/react-alert-dialog@^1.1.6",
        "npm:@radix-ui/react-aspect-ratio@^1.1.2",
        "npm:@radix-ui/react-avatar@^1.1.3",
        "npm:@radix-ui/react-checkbox@^1.1.4",
        "npm:@radix-ui/react-collapsible@^1.1.3",
        "npm:@radix-ui/react-context-menu@^2.2.6",
        "npm:@radix-ui/react-dialog@^1.1.6",
        "npm:@radix-ui/react-dropdown-menu@^2.1.6",
        "npm:@radix-ui/react-hover-card@^1.1.6",
        "npm:@radix-ui/react-label@^2.1.2",
        "npm:@radix-ui/react-menubar@^1.1.6",
        "npm:@radix-ui/react-navigation-menu@^1.2.5",
        "npm:@radix-ui/react-popover@^1.1.6",
        "npm:@radix-ui/react-progress@^1.1.2",
        "npm:@radix-ui/react-radio-group@^1.2.3",
        "npm:@radix-ui/react-scroll-area@^1.2.3",
        "npm:@radix-ui/react-select@^2.1.6",
        "npm:@radix-ui/react-separator@^1.1.2",
        "npm:@radix-ui/react-slider@^1.2.3",
        "npm:@radix-ui/react-slot@^1.1.2",
        "npm:@radix-ui/react-switch@^1.1.3",
        "npm:@radix-ui/react-tabs@^1.1.3",
        "npm:@radix-ui/react-toggle-group@^1.1.2",
        "npm:@radix-ui/react-toggle@^1.1.2",
        "npm:@radix-ui/react-tooltip@^1.1.8",
        "npm:@supabase/supabase-js@^2.83.0",
        "npm:@tanstack/react-query@^5.90.10",
        "npm:@trigger.dev/build@^4.1.1",
        "npm:@trigger.dev/sdk@^4.1.1",
        "npm:@types/node@^20.10.0",
        "npm:@vitejs/plugin-react-swc@^3.10.2",
        "npm:ai@^5.0.97",
        "npm:class-variance-authority@~0.7.1",
        "npm:clsx@*",
        "npm:cmdk@^1.1.1",
        "npm:dotenv@^17.2.3",
        "npm:embla-carousel-react@^8.6.0",
        "npm:input-otp@^1.4.2",
        "npm:lucide-react@0.487",
        "npm:next-themes@~0.4.6",
        "npm:pdfjs-dist@^3.11.174",
        "npm:react-day-picker@^8.10.1",
        "npm:react-dom@^18.3.1",
        "npm:react-hook-form@^7.55.0",
        "npm:react-pdf@^10.2.0",
        "npm:react-resizable-panels@^2.1.7",
        "npm:react-router-dom@^7.9.6",
        "npm:react@^18.3.1",
        "npm:recharts@^2.15.2",
        "npm:sonner@^2.0.3",
        "npm:tailwind-merge@*",
        "npm:tailwindcss@*",
        "npm:tsx@^4.20.6",
        "npm:vaul@^1.1.2",
        "npm:vite@6.3.5",
        "npm:zustand@^5.0.8"
      ]
    }
  }
}
